// !$*UTF8*$!
{
	archiveVersion = 1;
	classes = {
	};
	objectVersion = 55;
	objects = {

/* Begin PBXBuildFile section */
		4951B31B28A7DF1C009D1EDC /* UIViewController+ActivityIndicator.swift in Sources */ = {isa = PBXBuildFile; fileRef = 4951B31A28A7DF1C009D1EDC /* UIViewController+ActivityIndicator.swift */; };
		496B20FE28ABCD23006AA2E8 /* Alamofire in Frameworks */ = {isa = PBXBuildFile; productRef = 496B20FD28ABCD23006AA2E8 /* Alamofire */; };
		496D2A0128A650040090D629 /* NetworkManager.swift in Sources */ = {isa = PBXBuildFile; fileRef = 496D2A0028A650040090D629 /* NetworkManager.swift */; };
		496D2A0328A6F6AD0090D629 /* ArticleCell.swift in Sources */ = {isa = PBXBuildFile; fileRef = 496D2A0228A6F6AD0090D629 /* ArticleCell.swift */; };
		496D2A0528A6F6E70090D629 /* ArticleListViewController.swift in Sources */ = {isa = PBXBuildFile; fileRef = 496D2A0428A6F6E70090D629 /* ArticleListViewController.swift */; };
		496D2A0728A79CF30090D629 /* ArticleContentViewController.swift in Sources */ = {isa = PBXBuildFile; fileRef = 496D2A0628A79CF30090D629 /* ArticleContentViewController.swift */; };
		499112F328FF2D3D00A14498 /* NewsCategoriesListViewModel.swift in Sources */ = {isa = PBXBuildFile; fileRef = 499112F228FF2D3D00A14498 /* NewsCategoriesListViewModel.swift */; };
		499112F628FF2F2B00A14498 /* NewsCategoryCellViewModel.swift in Sources */ = {isa = PBXBuildFile; fileRef = 499112F528FF2F2B00A14498 /* NewsCategoryCellViewModel.swift */; };
		499112F928FF333300A14498 /* ArticleListViewModel.swift in Sources */ = {isa = PBXBuildFile; fileRef = 499112F828FF333300A14498 /* ArticleListViewModel.swift */; };
		499112FC28FF35C100A14498 /* ArticleCellViewModel.swift in Sources */ = {isa = PBXBuildFile; fileRef = 499112FB28FF35C100A14498 /* ArticleCellViewModel.swift */; };
		4991130028FF389F00A14498 /* ArticleContentViewModel.swift in Sources */ = {isa = PBXBuildFile; fileRef = 499112FF28FF389F00A14498 /* ArticleContentViewModel.swift */; };
		49C0C77F28A1A3E3005BD6A0 /* AppDelegate.swift in Sources */ = {isa = PBXBuildFile; fileRef = 49C0C77E28A1A3E3005BD6A0 /* AppDelegate.swift */; };
		49C0C78128A1A3E3005BD6A0 /* SceneDelegate.swift in Sources */ = {isa = PBXBuildFile; fileRef = 49C0C78028A1A3E3005BD6A0 /* SceneDelegate.swift */; };
		49C0C78828A1A3E8005BD6A0 /* Assets.xcassets in Resources */ = {isa = PBXBuildFile; fileRef = 49C0C78728A1A3E8005BD6A0 /* Assets.xcassets */; };
		49C0C78B28A1A3E8005BD6A0 /* LaunchScreen.storyboard in Resources */ = {isa = PBXBuildFile; fileRef = 49C0C78928A1A3E8005BD6A0 /* LaunchScreen.storyboard */; };
		49C0C79328A1A44A005BD6A0 /* NewsCategoriesListViewController.swift in Sources */ = {isa = PBXBuildFile; fileRef = 49C0C79228A1A44A005BD6A0 /* NewsCategoriesListViewController.swift */; };
		49C0C79528A1A70F005BD6A0 /* NewsCategoryCell.swift in Sources */ = {isa = PBXBuildFile; fileRef = 49C0C79428A1A70F005BD6A0 /* NewsCategoryCell.swift */; };
		49C0C79728A1AD63005BD6A0 /* Article.swift in Sources */ = {isa = PBXBuildFile; fileRef = 49C0C79628A1AD63005BD6A0 /* Article.swift */; };
/* End PBXBuildFile section */

/* Begin PBXFileReference section */
		4951B31A28A7DF1C009D1EDC /* UIViewController+ActivityIndicator.swift */ = {isa = PBXFileReference; lastKnownFileType = sourcecode.swift; path = "UIViewController+ActivityIndicator.swift"; sourceTree = "<group>"; };
		496D2A0028A650040090D629 /* NetworkManager.swift */ = {isa = PBXFileReference; lastKnownFileType = sourcecode.swift; path = NetworkManager.swift; sourceTree = "<group>"; };
		496D2A0228A6F6AD0090D629 /* ArticleCell.swift */ = {isa = PBXFileReference; lastKnownFileType = sourcecode.swift; path = ArticleCell.swift; sourceTree = "<group>"; };
		496D2A0428A6F6E70090D629 /* ArticleListViewController.swift */ = {isa = PBXFileReference; lastKnownFileType = sourcecode.swift; path = ArticleListViewController.swift; sourceTree = "<group>"; };
		496D2A0628A79CF30090D629 /* ArticleContentViewController.swift */ = {isa = PBXFileReference; lastKnownFileType = sourcecode.swift; path = ArticleContentViewController.swift; sourceTree = "<group>"; };
		499112F228FF2D3D00A14498 /* NewsCategoriesListViewModel.swift */ = {isa = PBXFileReference; lastKnownFileType = sourcecode.swift; path = NewsCategoriesListViewModel.swift; sourceTree = "<group>"; };
		499112F528FF2F2B00A14498 /* NewsCategoryCellViewModel.swift */ = {isa = PBXFileReference; lastKnownFileType = sourcecode.swift; path = NewsCategoryCellViewModel.swift; sourceTree = "<group>"; };
		499112F828FF333300A14498 /* ArticleListViewModel.swift */ = {isa = PBXFileReference; lastKnownFileType = sourcecode.swift; path = ArticleListViewModel.swift; sourceTree = "<group>"; };
		499112FB28FF35C100A14498 /* ArticleCellViewModel.swift */ = {isa = PBXFileReference; lastKnownFileType = sourcecode.swift; path = ArticleCellViewModel.swift; sourceTree = "<group>"; };
		499112FF28FF389F00A14498 /* ArticleContentViewModel.swift */ = {isa = PBXFileReference; lastKnownFileType = sourcecode.swift; path = ArticleContentViewModel.swift; sourceTree = "<group>"; };
		49C0C77B28A1A3E3005BD6A0 /* NewsApp.app */ = {isa = PBXFileReference; explicitFileType = wrapper.application; includeInIndex = 0; path = NewsApp.app; sourceTree = BUILT_PRODUCTS_DIR; };
		49C0C77E28A1A3E3005BD6A0 /* AppDelegate.swift */ = {isa = PBXFileReference; lastKnownFileType = sourcecode.swift; path = AppDelegate.swift; sourceTree = "<group>"; };
		49C0C78028A1A3E3005BD6A0 /* SceneDelegate.swift */ = {isa = PBXFileReference; lastKnownFileType = sourcecode.swift; path = SceneDelegate.swift; sourceTree = "<group>"; };
		49C0C78728A1A3E8005BD6A0 /* Assets.xcassets */ = {isa = PBXFileReference; lastKnownFileType = folder.assetcatalog; path = Assets.xcassets; sourceTree = "<group>"; };
		49C0C78A28A1A3E8005BD6A0 /* Base */ = {isa = PBXFileReference; lastKnownFileType = file.storyboard; name = Base; path = Base.lproj/LaunchScreen.storyboard; sourceTree = "<group>"; };
		49C0C78C28A1A3E8005BD6A0 /* Info.plist */ = {isa = PBXFileReference; lastKnownFileType = text.plist.xml; path = Info.plist; sourceTree = "<group>"; };
		49C0C79228A1A44A005BD6A0 /* NewsCategoriesListViewController.swift */ = {isa = PBXFileReference; lastKnownFileType = sourcecode.swift; path = NewsCategoriesListViewController.swift; sourceTree = "<group>"; };
		49C0C79428A1A70F005BD6A0 /* NewsCategoryCell.swift */ = {isa = PBXFileReference; lastKnownFileType = sourcecode.swift; path = NewsCategoryCell.swift; sourceTree = "<group>"; };
		49C0C79628A1AD63005BD6A0 /* Article.swift */ = {isa = PBXFileReference; lastKnownFileType = sourcecode.swift; path = Article.swift; sourceTree = "<group>"; };
/* End PBXFileReference section */

/* Begin PBXFrameworksBuildPhase section */
		49C0C77828A1A3E3005BD6A0 /* Frameworks */ = {
			isa = PBXFrameworksBuildPhase;
			buildActionMask = 2147483647;
			files = (
				496B20FE28ABCD23006AA2E8 /* Alamofire in Frameworks */,
			);
			runOnlyForDeploymentPostprocessing = 0;
		};
/* End PBXFrameworksBuildPhase section */

/* Begin PBXGroup section */
		4951B31928A7DF09009D1EDC /* Extensions */ = {
			isa = PBXGroup;
			children = (
				4951B31A28A7DF1C009D1EDC /* UIViewController+ActivityIndicator.swift */,
			);
			path = Extensions;
			sourceTree = "<group>";
		};
		496D2A0828A7A7CA0090D629 /* Services */ = {
			isa = PBXGroup;
			children = (
				496D2A0028A650040090D629 /* NetworkManager.swift */,
			);
			path = Services;
			sourceTree = "<group>";
		};
		499112F128FF2D2100A14498 /* NewsCategoriesList */ = {
			isa = PBXGroup;
			children = (
				49C0C79228A1A44A005BD6A0 /* NewsCategoriesListViewController.swift */,
				499112F228FF2D3D00A14498 /* NewsCategoriesListViewModel.swift */,
				499112F428FF2EFF00A14498 /* NewsCategoryCell */,
			);
			path = NewsCategoriesList;
			sourceTree = "<group>";
		};
		499112F428FF2EFF00A14498 /* NewsCategoryCell */ = {
			isa = PBXGroup;
			children = (
				49C0C79428A1A70F005BD6A0 /* NewsCategoryCell.swift */,
				499112F528FF2F2B00A14498 /* NewsCategoryCellViewModel.swift */,
			);
			path = NewsCategoryCell;
			sourceTree = "<group>";
		};
		499112F728FF331B00A14498 /* ArticleList */ = {
			isa = PBXGroup;
			children = (
				496D2A0428A6F6E70090D629 /* ArticleListViewController.swift */,
				499112F828FF333300A14498 /* ArticleListViewModel.swift */,
				499112FA28FF359100A14498 /* ArticleCell */,
			);
			path = ArticleList;
			sourceTree = "<group>";
		};
		499112FA28FF359100A14498 /* ArticleCell */ = {
			isa = PBXGroup;
			children = (
				496D2A0228A6F6AD0090D629 /* ArticleCell.swift */,
				499112FB28FF35C100A14498 /* ArticleCellViewModel.swift */,
			);
			path = ArticleCell;
			sourceTree = "<group>";
		};
		499112FD28FF387700A14498 /* ArticleContent */ = {
			isa = PBXGroup;
			children = (
				496D2A0628A79CF30090D629 /* ArticleContentViewController.swift */,
				499112FF28FF389F00A14498 /* ArticleContentViewModel.swift */,
			);
			path = ArticleContent;
			sourceTree = "<group>";
		};
		49C0C77228A1A3E3005BD6A0 = {
			isa = PBXGroup;
			children = (
				49C0C77D28A1A3E3005BD6A0 /* NewsApp */,
				49C0C77C28A1A3E3005BD6A0 /* Products */,
			);
			sourceTree = "<group>";
		};
		49C0C77C28A1A3E3005BD6A0 /* Products */ = {
			isa = PBXGroup;
			children = (
				49C0C77B28A1A3E3005BD6A0 /* NewsApp.app */,
			);
			name = Products;
			sourceTree = "<group>";
		};
		49C0C77D28A1A3E3005BD6A0 /* NewsApp */ = {
			isa = PBXGroup;
			children = (
				499112F128FF2D2100A14498 /* NewsCategoriesList */,
				499112F728FF331B00A14498 /* ArticleList */,
				499112FD28FF387700A14498 /* ArticleContent */,
				4951B31928A7DF09009D1EDC /* Extensions */,
				49C0C79D28A1B629005BD6A0 /* Models */,
				496D2A0828A7A7CA0090D629 /* Services */,
				49C0C79A28A1B613005BD6A0 /* StoryBoards */,
				49C0C79828A1B605005BD6A0 /* App */,
				49C0C79928A1B60C005BD6A0 /* Resources */,
			);
			path = NewsApp;
			sourceTree = "<group>";
		};
		49C0C79828A1B605005BD6A0 /* App */ = {
			isa = PBXGroup;
			children = (
				49C0C77E28A1A3E3005BD6A0 /* AppDelegate.swift */,
				49C0C78028A1A3E3005BD6A0 /* SceneDelegate.swift */,
				49C0C78C28A1A3E8005BD6A0 /* Info.plist */,
			);
			path = App;
			sourceTree = "<group>";
		};
		49C0C79928A1B60C005BD6A0 /* Resources */ = {
			isa = PBXGroup;
			children = (
				49C0C78728A1A3E8005BD6A0 /* Assets.xcassets */,
			);
			path = Resources;
			sourceTree = "<group>";
		};
		49C0C79A28A1B613005BD6A0 /* StoryBoards */ = {
			isa = PBXGroup;
			children = (
				49C0C78928A1A3E8005BD6A0 /* LaunchScreen.storyboard */,
			);
			path = StoryBoards;
			sourceTree = "<group>";
		};
		49C0C79D28A1B629005BD6A0 /* Models */ = {
			isa = PBXGroup;
			children = (
				49C0C79628A1AD63005BD6A0 /* Article.swift */,
			);
			path = Models;
			sourceTree = "<group>";
		};
/* End PBXGroup section */

/* Begin PBXNativeTarget section */
		49C0C77A28A1A3E3005BD6A0 /* NewsApp */ = {
			isa = PBXNativeTarget;
			buildConfigurationList = 49C0C78F28A1A3E8005BD6A0 /* Build configuration list for PBXNativeTarget "NewsApp" */;
			buildPhases = (
				49C0C77728A1A3E3005BD6A0 /* Sources */,
				49C0C77828A1A3E3005BD6A0 /* Frameworks */,
				49C0C77928A1A3E3005BD6A0 /* Resources */,
			);
			buildRules = (
			);
			dependencies = (
			);
			name = NewsApp;
			packageProductDependencies = (
				496B20FD28ABCD23006AA2E8 /* Alamofire */,
			);
			productName = NewsApp;
			productReference = 49C0C77B28A1A3E3005BD6A0 /* NewsApp.app */;
			productType = "com.apple.product-type.application";
		};
/* End PBXNativeTarget section */

/* Begin PBXProject section */
		49C0C77328A1A3E3005BD6A0 /* Project object */ = {
			isa = PBXProject;
			attributes = {
				BuildIndependentTargetsInParallel = 1;
				LastSwiftUpdateCheck = 1340;
				LastUpgradeCheck = 1340;
				TargetAttributes = {
					49C0C77A28A1A3E3005BD6A0 = {
						CreatedOnToolsVersion = 13.4;
					};
				};
			};
			buildConfigurationList = 49C0C77628A1A3E3005BD6A0 /* Build configuration list for PBXProject "NewsApp" */;
			compatibilityVersion = "Xcode 13.0";
			developmentRegion = en;
			hasScannedForEncodings = 0;
			knownRegions = (
				en,
				Base,
			);
			mainGroup = 49C0C77228A1A3E3005BD6A0;
			packageReferences = (
				496B20FC28ABCD23006AA2E8 /* XCRemoteSwiftPackageReference "Alamofire" */,
			);
			productRefGroup = 49C0C77C28A1A3E3005BD6A0 /* Products */;
			projectDirPath = "";
			projectRoot = "";
			targets = (
				49C0C77A28A1A3E3005BD6A0 /* NewsApp */,
			);
		};
/* End PBXProject section */

/* Begin PBXResourcesBuildPhase section */
		49C0C77928A1A3E3005BD6A0 /* Resources */ = {
			isa = PBXResourcesBuildPhase;
			buildActionMask = 2147483647;
			files = (
				49C0C78B28A1A3E8005BD6A0 /* LaunchScreen.storyboard in Resources */,
				49C0C78828A1A3E8005BD6A0 /* Assets.xcassets in Resources */,
			);
			runOnlyForDeploymentPostprocessing = 0;
		};
/* End PBXResourcesBuildPhase section */

/* Begin PBXSourcesBuildPhase section */
		49C0C77728A1A3E3005BD6A0 /* Sources */ = {
			isa = PBXSourcesBuildPhase;
			buildActionMask = 2147483647;
			files = (
				496D2A0728A79CF30090D629 /* ArticleContentViewController.swift in Sources */,
				499112F928FF333300A14498 /* ArticleListViewModel.swift in Sources */,
				499112F628FF2F2B00A14498 /* NewsCategoryCellViewModel.swift in Sources */,
				496D2A0128A650040090D629 /* NetworkManager.swift in Sources */,
				49C0C79528A1A70F005BD6A0 /* NewsCategoryCell.swift in Sources */,
				4991130028FF389F00A14498 /* ArticleContentViewModel.swift in Sources */,
				499112FC28FF35C100A14498 /* ArticleCellViewModel.swift in Sources */,
				49C0C77F28A1A3E3005BD6A0 /* AppDelegate.swift in Sources */,
				496D2A0328A6F6AD0090D629 /* ArticleCell.swift in Sources */,
				4951B31B28A7DF1C009D1EDC /* UIViewController+ActivityIndicator.swift in Sources */,
				49C0C78128A1A3E3005BD6A0 /* SceneDelegate.swift in Sources */,
				49C0C79328A1A44A005BD6A0 /* NewsCategoriesListViewController.swift in Sources */,
				499112F328FF2D3D00A14498 /* NewsCategoriesListViewModel.swift in Sources */,
				49C0C79728A1AD63005BD6A0 /* Article.swift in Sources */,
				496D2A0528A6F6E70090D629 /* ArticleListViewController.swift in Sources */,
			);
			runOnlyForDeploymentPostprocessing = 0;
		};
/* End PBXSourcesBuildPhase section */

/* Begin PBXVariantGroup section */
		49C0C78928A1A3E8005BD6A0 /* LaunchScreen.storyboard */ = {
			isa = PBXVariantGroup;
			children = (
				49C0C78A28A1A3E8005BD6A0 /* Base */,
			);
			name = LaunchScreen.storyboard;
			sourceTree = "<group>";
		};
/* End PBXVariantGroup section */

/* Begin XCBuildConfiguration section */
		49C0C78D28A1A3E8005BD6A0 /* Debug */ = {
			isa = XCBuildConfiguration;
			buildSettings = {
				ALWAYS_SEARCH_USER_PATHS = NO;
				CLANG_ANALYZER_NONNULL = YES;
				CLANG_ANALYZER_NUMBER_OBJECT_CONVERSION = YES_AGGRESSIVE;
				CLANG_CXX_LANGUAGE_STANDARD = "gnu++17";
				CLANG_ENABLE_MODULES = YES;
				CLANG_ENABLE_OBJC_ARC = YES;
				CLANG_ENABLE_OBJC_WEAK = YES;
				CLANG_WARN_BLOCK_CAPTURE_AUTORELEASING = YES;
				CLANG_WARN_BOOL_CONVERSION = YES;
				CLANG_WARN_COMMA = YES;
				CLANG_WARN_CONSTANT_CONVERSION = YES;
				CLANG_WARN_DEPRECATED_OBJC_IMPLEMENTATIONS = YES;
				CLANG_WARN_DIRECT_OBJC_ISA_USAGE = YES_ERROR;
				CLANG_WARN_DOCUMENTATION_COMMENTS = YES;
				CLANG_WARN_EMPTY_BODY = YES;
				CLANG_WARN_ENUM_CONVERSION = YES;
				CLANG_WARN_INFINITE_RECURSION = YES;
				CLANG_WARN_INT_CONVERSION = YES;
				CLANG_WARN_NON_LITERAL_NULL_CONVERSION = YES;
				CLANG_WARN_OBJC_IMPLICIT_RETAIN_SELF = YES;
				CLANG_WARN_OBJC_LITERAL_CONVERSION = YES;
				CLANG_WARN_OBJC_ROOT_CLASS = YES_ERROR;
				CLANG_WARN_QUOTED_INCLUDE_IN_FRAMEWORK_HEADER = YES;
				CLANG_WARN_RANGE_LOOP_ANALYSIS = YES;
				CLANG_WARN_STRICT_PROTOTYPES = YES;
				CLANG_WARN_SUSPICIOUS_MOVE = YES;
				CLANG_WARN_UNGUARDED_AVAILABILITY = YES_AGGRESSIVE;
				CLANG_WARN_UNREACHABLE_CODE = YES;
				CLANG_WARN__DUPLICATE_METHOD_MATCH = YES;
				COPY_PHASE_STRIP = NO;
				DEBUG_INFORMATION_FORMAT = dwarf;
				ENABLE_STRICT_OBJC_MSGSEND = YES;
				ENABLE_TESTABILITY = YES;
				GCC_C_LANGUAGE_STANDARD = gnu11;
				GCC_DYNAMIC_NO_PIC = NO;
				GCC_NO_COMMON_BLOCKS = YES;
				GCC_OPTIMIZATION_LEVEL = 0;
				GCC_PREPROCESSOR_DEFINITIONS = (
					"DEBUG=1",
					"$(inherited)",
				);
				GCC_WARN_64_TO_32_BIT_CONVERSION = YES;
				GCC_WARN_ABOUT_RETURN_TYPE = YES_ERROR;
				GCC_WARN_UNDECLARED_SELECTOR = YES;
				GCC_WARN_UNINITIALIZED_AUTOS = YES_AGGRESSIVE;
				GCC_WARN_UNUSED_FUNCTION = YES;
				GCC_WARN_UNUSED_VARIABLE = YES;
				IPHONEOS_DEPLOYMENT_TARGET = 15.5;
				MTL_ENABLE_DEBUG_INFO = INCLUDE_SOURCE;
				MTL_FAST_MATH = YES;
				ONLY_ACTIVE_ARCH = YES;
				SDKROOT = iphoneos;
				SWIFT_ACTIVE_COMPILATION_CONDITIONS = DEBUG;
				SWIFT_OPTIMIZATION_LEVEL = "-Onone";
			};
			name = Debug;
		};
		49C0C78E28A1A3E8005BD6A0 /* Release */ = {
			isa = XCBuildConfiguration;
			buildSettings = {
				ALWAYS_SEARCH_USER_PATHS = NO;
				CLANG_ANALYZER_NONNULL = YES;
				CLANG_ANALYZER_NUMBER_OBJECT_CONVERSION = YES_AGGRESSIVE;
				CLANG_CXX_LANGUAGE_STANDARD = "gnu++17";
				CLANG_ENABLE_MODULES = YES;
				CLANG_ENABLE_OBJC_ARC = YES;
				CLANG_ENABLE_OBJC_WEAK = YES;
				CLANG_WARN_BLOCK_CAPTURE_AUTORELEASING = YES;
				CLANG_WARN_BOOL_CONVERSION = YES;
				CLANG_WARN_COMMA = YES;
				CLANG_WARN_CONSTANT_CONVERSION = YES;
				CLANG_WARN_DEPRECATED_OBJC_IMPLEMENTATIONS = YES;
				CLANG_WARN_DIRECT_OBJC_ISA_USAGE = YES_ERROR;
				CLANG_WARN_DOCUMENTATION_COMMENTS = YES;
				CLANG_WARN_EMPTY_BODY = YES;
				CLANG_WARN_ENUM_CONVERSION = YES;
				CLANG_WARN_INFINITE_RECURSION = YES;
				CLANG_WARN_INT_CONVERSION = YES;
				CLANG_WARN_NON_LITERAL_NULL_CONVERSION = YES;
				CLANG_WARN_OBJC_IMPLICIT_RETAIN_SELF = YES;
				CLANG_WARN_OBJC_LITERAL_CONVERSION = YES;
				CLANG_WARN_OBJC_ROOT_CLASS = YES_ERROR;
				CLANG_WARN_QUOTED_INCLUDE_IN_FRAMEWORK_HEADER = YES;
				CLANG_WARN_RANGE_LOOP_ANALYSIS = YES;
				CLANG_WARN_STRICT_PROTOTYPES = YES;
				CLANG_WARN_SUSPICIOUS_MOVE = YES;
				CLANG_WARN_UNGUARDED_AVAILABILITY = YES_AGGRESSIVE;
				CLANG_WARN_UNREACHABLE_CODE = YES;
				CLANG_WARN__DUPLICATE_METHOD_MATCH = YES;
				COPY_PHASE_STRIP = NO;
				DEBUG_INFORMATION_FORMAT = "dwarf-with-dsym";
				ENABLE_NS_ASSERTIONS = NO;
				ENABLE_STRICT_OBJC_MSGSEND = YES;
				GCC_C_LANGUAGE_STANDARD = gnu11;
				GCC_NO_COMMON_BLOCKS = YES;
				GCC_WARN_64_TO_32_BIT_CONVERSION = YES;
				GCC_WARN_ABOUT_RETURN_TYPE = YES_ERROR;
				GCC_WARN_UNDECLARED_SELECTOR = YES;
				GCC_WARN_UNINITIALIZED_AUTOS = YES_AGGRESSIVE;
				GCC_WARN_UNUSED_FUNCTION = YES;
				GCC_WARN_UNUSED_VARIABLE = YES;
				IPHONEOS_DEPLOYMENT_TARGET = 15.5;
				MTL_ENABLE_DEBUG_INFO = NO;
				MTL_FAST_MATH = YES;
				SDKROOT = iphoneos;
				SWIFT_COMPILATION_MODE = wholemodule;
				SWIFT_OPTIMIZATION_LEVEL = "-O";
				VALIDATE_PRODUCT = YES;
			};
			name = Release;
		};
		49C0C79028A1A3E8005BD6A0 /* Debug */ = {
			isa = XCBuildConfiguration;
			buildSettings = {
				ASSETCATALOG_COMPILER_APPICON_NAME = AppIcon;
				ASSETCATALOG_COMPILER_GLOBAL_ACCENT_COLOR_NAME = AccentColor;
				CODE_SIGN_STYLE = Automatic;
				CURRENT_PROJECT_VERSION = 1;
				GENERATE_INFOPLIST_FILE = YES;
				INFOPLIST_FILE = NewsApp/App/Info.plist;
				INFOPLIST_KEY_UIApplicationSupportsIndirectInputEvents = YES;
				INFOPLIST_KEY_UILaunchStoryboardName = LaunchScreen;
				INFOPLIST_KEY_UISupportedInterfaceOrientations_iPad = "UIInterfaceOrientationPortrait UIInterfaceOrientationPortraitUpsideDown UIInterfaceOrientationLandscapeLeft UIInterfaceOrientationLandscapeRight";
				INFOPLIST_KEY_UISupportedInterfaceOrientations_iPhone = "UIInterfaceOrientationPortrait UIInterfaceOrientationLandscapeLeft UIInterfaceOrientationLandscapeRight";
				LD_RUNPATH_SEARCH_PATHS = (
					"$(inherited)",
					"@executable_path/Frameworks",
				);
				MARKETING_VERSION = 1.0;
				PRODUCT_BUNDLE_IDENTIFIER = ru.aparc.NewsApp;
				PRODUCT_NAME = "$(TARGET_NAME)";
				SWIFT_EMIT_LOC_STRINGS = YES;
				SWIFT_VERSION = 5.0;
				TARGETED_DEVICE_FAMILY = "1,2";
			};
			name = Debug;
		};
		49C0C79128A1A3E8005BD6A0 /* Release */ = {
			isa = XCBuildConfiguration;
			buildSettings = {
				ASSETCATALOG_COMPILER_APPICON_NAME = AppIcon;
				ASSETCATALOG_COMPILER_GLOBAL_ACCENT_COLOR_NAME = AccentColor;
				CODE_SIGN_STYLE = Automatic;
				CURRENT_PROJECT_VERSION = 1;
				GENERATE_INFOPLIST_FILE = YES;
				INFOPLIST_FILE = NewsApp/App/Info.plist;
				INFOPLIST_KEY_UIApplicationSupportsIndirectInputEvents = YES;
				INFOPLIST_KEY_UILaunchStoryboardName = LaunchScreen;
				INFOPLIST_KEY_UISupportedInterfaceOrientations_iPad = "UIInterfaceOrientationPortrait UIInterfaceOrientationPortraitUpsideDown UIInterfaceOrientationLandscapeLeft UIInterfaceOrientationLandscapeRight";
				INFOPLIST_KEY_UISupportedInterfaceOrientations_iPhone = "UIInterfaceOrientationPortrait UIInterfaceOrientationLandscapeLeft UIInterfaceOrientationLandscapeRight";
				LD_RUNPATH_SEARCH_PATHS = (
					"$(inherited)",
					"@executable_path/Frameworks",
				);
				MARKETING_VERSION = 1.0;
				PRODUCT_BUNDLE_IDENTIFIER = ru.aparc.NewsApp;
				PRODUCT_NAME = "$(TARGET_NAME)";
				SWIFT_EMIT_LOC_STRINGS = YES;
				SWIFT_VERSION = 5.0;
				TARGETED_DEVICE_FAMILY = "1,2";
			};
			name = Release;
		};
/* End XCBuildConfiguration section */

/* Begin XCConfigurationList section */
		49C0C77628A1A3E3005BD6A0 /* Build configuration list for PBXProject "NewsApp" */ = {
			isa = XCConfigurationList;
			buildConfigurations = (
				49C0C78D28A1A3E8005BD6A0 /* Debug */,
				49C0C78E28A1A3E8005BD6A0 /* Release */,
			);
			defaultConfigurationIsVisible = 0;
			defaultConfigurationName = Release;
		};
		49C0C78F28A1A3E8005BD6A0 /* Build configuration list for PBXNativeTarget "NewsApp" */ = {
			isa = XCConfigurationList;
			buildConfigurations = (
				49C0C79028A1A3E8005BD6A0 /* Debug */,
				49C0C79128A1A3E8005BD6A0 /* Release */,
			);
			defaultConfigurationIsVisible = 0;
			defaultConfigurationName = Release;
		};
/* End XCConfigurationList section */

/* Begin XCRemoteSwiftPackageReference section */
		496B20FC28ABCD23006AA2E8 /* XCRemoteSwiftPackageReference "Alamofire" */ = {
			isa = XCRemoteSwiftPackageReference;
			repositoryURL = "https://github.com/Alamofire/Alamofire.git";
			requirement = {
				kind = exactVersion;
				version = 5.0.0;
			};
		};
/* End XCRemoteSwiftPackageReference section */

/* Begin XCSwiftPackageProductDependency section */
		496B20FD28ABCD23006AA2E8 /* Alamofire */ = {
			isa = XCSwiftPackageProductDependency;
			package = 496B20FC28ABCD23006AA2E8 /* XCRemoteSwiftPackageReference "Alamofire" */;
			productName = Alamofire;
		};
/* End XCSwiftPackageProductDependency section */
	};
	rootObject = 49C0C77328A1A3E3005BD6A0 /* Project object */;
}
